
Microsoft Visual Studio Solution File, Format Version 12.00
# Visual Studio Version 16
VisualStudioVersion = 16.0.31005.135
MinimumVisualStudioVersion = 10.0.40219.1
Project("{FAE04EC0-301F-11D3-BF4B-00C04F79EFBC}") = "api_Persona", "api_Persona\api_Persona.csproj", "{59B6BC3A-89B4-4DFF-8FEB-C6CC3829782B}"
EndProject
Project("{FAE04EC0-301F-11D3-BF4B-00C04F79EFBC}") = "api_Persona.Tests", "api_Persona.Tests\api_Persona.Tests.csproj", "{594184A0-D6A4-447B-A203-E1C99A25AE14}"
EndProject
Project("{FAE04EC0-301F-11D3-BF4B-00C04F79EFBC}") = "WebPersona", "WebPersona\WebPersona.csproj", "{ADE05DF3-7086-4E50-A13B-72A4A61BD8AF}"
EndProject
Global
	GlobalSection(SolutionConfigurationPlatforms) = preSolution
		Debug|Any CPU = Debug|Any CPU
		Release|Any CPU = Release|Any CPU
	EndGlobalSection
	GlobalSection(ProjectConfigurationPlatforms) = postSolution
		{59B6BC3A-89B4-4DFF-8FEB-C6CC3829782B}.Debug|Any CPU.ActiveCfg = Debug|Any CPU
		{59B6BC3A-89B4-4DFF-8FEB-C6CC3829782B}.Debug|Any CPU.Build.0 = Debug|Any CPU
		{59B6BC3A-89B4-4DFF-8FEB-C6CC3829782B}.Release|Any CPU.ActiveCfg = Release|Any CPU
		{59B6BC3A-89B4-4DFF-8FEB-C6CC3829782B}.Release|Any CPU.Build.0 = Release|Any CPU
		{594184A0-D6A4-447B-A203-E1C99A25AE14}.Debug|Any CPU.ActiveCfg = Debug|Any CPU
		{594184A0-D6A4-447B-A203-E1C99A25AE14}.Debug|Any CPU.Build.0 = Debug|Any CPU
		{594184A0-D6A4-447B-A203-E1C99A25AE14}.Release|Any CPU.ActiveCfg = Release|Any CPU
		{594184A0-D6A4-447B-A203-E1C99A25AE14}.Release|Any CPU.Build.0 = Release|Any CPU
		{ADE05DF3-7086-4E50-A13B-72A4A61BD8AF}.Debug|Any CPU.ActiveCfg = Debug|Any CPU
		{ADE05DF3-7086-4E50-A13B-72A4A61BD8AF}.Debug|Any CPU.Build.0 = Debug|Any CPU
		{ADE05DF3-7086-4E50-A13B-72A4A61BD8AF}.Release|Any CPU.ActiveCfg = Release|Any CPU
		{ADE05DF3-7086-4E50-A13B-72A4A61BD8AF}.Release|Any CPU.Build.0 = Release|Any CPU
	EndGlobalSection
	GlobalSection(SolutionProperties) = preSolution
		HideSolutionNode = FALSE
	EndGlobalSection
	GlobalSection(ExtensibilityGlobals) = postSolution
		SolutionGuid = {6036D5E4-0761-44A2-8259-EF0D4EFEE59D}
	EndGlobalSection
EndGlobal
